
Microsoft Visual Studio Solution File, Format Version 12.00
# Visual Studio Version 16
VisualStudioVersion = 16.0.31105.61
MinimumVisualStudioVersion = 10.0.40219.1
Project("{FAE04EC0-301F-11D3-BF4B-00C04F79EFBC}") = "NawCamSmartFarmManagement", "NawCamSmartFarmManagement\NawCamSmartFarmManagement.csproj", "{CFEA6830-6933-42FE-AEFA-E3525605587D}"
EndProject
Global
	GlobalSection(SolutionConfigurationPlatforms) = preSolution
		Debug|Any CPU = Debug|Any CPU
		Release|Any CPU = Release|Any CPU
	EndGlobalSection
	GlobalSection(ProjectConfigurationPlatforms) = postSolution
		{CFEA6830-6933-42FE-AEFA-E3525605587D}.Debug|Any CPU.ActiveCfg = Debug|Any CPU
		{CFEA6830-6933-42FE-AEFA-E3525605587D}.Debug|Any CPU.Build.0 = Debug|Any CPU
		{CFEA6830-6933-42FE-AEFA-E3525605587D}.Release|Any CPU.ActiveCfg = Release|Any CPU
		{CFEA6830-6933-42FE-AEFA-E3525605587D}.Release|Any CPU.Build.0 = Release|Any CPU
	EndGlobalSection
	GlobalSection(SolutionProperties) = preSolution
		HideSolutionNode = FALSE
	EndGlobalSection
	GlobalSection(ExtensibilityGlobals) = postSolution
		SolutionGuid = {D4D71F32-58B8-4C50-ACCC-2F119DD731B7}
	EndGlobalSection
EndGlobal
